
Microsoft Visual Studio Solution File, Format Version 12.00
# Visual Studio Version 17
VisualStudioVersion = 17.3.32811.315
MinimumVisualStudioVersion = 10.0.40219.1
Project("{9A19103F-16F7-4668-BE54-9A1E7A4F7556}") = "BAI_1_0_GioiThieu", "BAI_1_0_GioiThieu\BAI_1_0_GioiThieu.csproj", "{A39A13D1-72FA-4CC4-8331-F0C2AD6ED5EC}"
EndProject
Project("{9A19103F-16F7-4668-BE54-9A1E7A4F7556}") = "BAI_1_2_COLLECTIONS_CONTROLS", "..\BAI_1_2_COLLECTIONS_CONTROLS\BAI_1_2_COLLECTIONS_CONTROLS.csproj", "{F099D6C5-78A0-4DED-9F17-F950309EB10A}"
EndProject
Project("{9A19103F-16F7-4668-BE54-9A1E7A4F7556}") = "AppTinhToan", "..\AppTinhToan\AppTinhToan.csproj", "{75E7100E-49C8-405D-9D15-CE0CD779458E}"
EndProject
Project("{9A19103F-16F7-4668-BE54-9A1E7A4F7556}") = "BAI_1_3_LISTBOX", "..\BAI_1_3_LISTBOX\BAI_1_3_LISTBOX.csproj", "{B88CD119-483A-4F02-AF10-23534319B368}"
EndProject
Project("{9A19103F-16F7-4668-BE54-9A1E7A4F7556}") = "BAI_1_4_GROUPBOX_PANEL", "BAI_1_4_GROUPBOX_PANEL\BAI_1_4_GROUPBOX_PANEL.csproj", "{9FD09B46-3BB2-4089-A1B4-056A18D54C59}"
EndProject
Project("{9A19103F-16F7-4668-BE54-9A1E7A4F7556}") = "BAI_1_5_MENUSTRIP_TOOLSTRIP", "..\BAI_1_5_MENUSTRIP_TOOLSTRIP\BAI_1_5_MENUSTRIP_TOOLSTRIP.csproj", "{A5531F8A-4461-4DE5-9174-9FD689B774D5}"
EndProject
Project("{9A19103F-16F7-4668-BE54-9A1E7A4F7556}") = "BAI_1_6_LISTVIEW", "BAI_1_6_LISTVIEW\BAI_1_6_LISTVIEW.csproj", "{CD8F691C-ABF8-4CDA-94ED-37AB4BF3FE34}"
EndProject
Project("{9A19103F-16F7-4668-BE54-9A1E7A4F7556}") = "BAI_1_7_TRUYEN_DU_LIEU_GIUA_CAC_FORM", "..\BAI_1_7_TRUYEN_DU_LIEU_GIUA_CAC_FORM\BAI_1_7_TRUYEN_DU_LIEU_GIUA_CAC_FORM.csproj", "{F43E7F56-0523-4D84-B333-3FD82795537F}"
EndProject
Project("{9A19103F-16F7-4668-BE54-9A1E7A4F7556}") = "BAI_1_8_ADO_NET", "..\BAI_1_8_ADO_NET\BAI_1_8_ADO_NET.csproj", "{CD440954-F7F3-4AB9-B3D3-0893EF2F9D5E}"
EndProject
Project("{FAE04EC0-301F-11D3-BF4B-00C04F79EFBC}") = "BAI_1_9_EF_DATABASE_FIRST", "BAI_1_9_EF_DATABASE_FIRST\BAI_1_9_EF_DATABASE_FIRST.csproj", "{77DE1A7F-F69B-4950-B6E6-8E3ED47D58FB}"
EndProject
Global
	GlobalSection(SolutionConfigurationPlatforms) = preSolution
		Debug|Any CPU = Debug|Any CPU
		Release|Any CPU = Release|Any CPU
	EndGlobalSection
	GlobalSection(ProjectConfigurationPlatforms) = postSolution
		{A39A13D1-72FA-4CC4-8331-F0C2AD6ED5EC}.Debug|Any CPU.ActiveCfg = Debug|Any CPU
		{A39A13D1-72FA-4CC4-8331-F0C2AD6ED5EC}.Debug|Any CPU.Build.0 = Debug|Any CPU
		{A39A13D1-72FA-4CC4-8331-F0C2AD6ED5EC}.Release|Any CPU.ActiveCfg = Release|Any CPU
		{A39A13D1-72FA-4CC4-8331-F0C2AD6ED5EC}.Release|Any CPU.Build.0 = Release|Any CPU
		{F099D6C5-78A0-4DED-9F17-F950309EB10A}.Debug|Any CPU.ActiveCfg = Debug|Any CPU
		{F099D6C5-78A0-4DED-9F17-F950309EB10A}.Debug|Any CPU.Build.0 = Debug|Any CPU
		{F099D6C5-78A0-4DED-9F17-F950309EB10A}.Release|Any CPU.ActiveCfg = Release|Any CPU
		{F099D6C5-78A0-4DED-9F17-F950309EB10A}.Release|Any CPU.Build.0 = Release|Any CPU
		{75E7100E-49C8-405D-9D15-CE0CD779458E}.Debug|Any CPU.ActiveCfg = Debug|Any CPU
		{75E7100E-49C8-405D-9D15-CE0CD779458E}.Debug|Any CPU.Build.0 = Debug|Any CPU
		{75E7100E-49C8-405D-9D15-CE0CD779458E}.Release|Any CPU.ActiveCfg = Release|Any CPU
		{75E7100E-49C8-405D-9D15-CE0CD779458E}.Release|Any CPU.Build.0 = Release|Any CPU
		{B88CD119-483A-4F02-AF10-23534319B368}.Debug|Any CPU.ActiveCfg = Debug|Any CPU
		{B88CD119-483A-4F02-AF10-23534319B368}.Debug|Any CPU.Build.0 = Debug|Any CPU
		{B88CD119-483A-4F02-AF10-23534319B368}.Release|Any CPU.ActiveCfg = Release|Any CPU
		{B88CD119-483A-4F02-AF10-23534319B368}.Release|Any CPU.Build.0 = Release|Any CPU
		{9FD09B46-3BB2-4089-A1B4-056A18D54C59}.Debug|Any CPU.ActiveCfg = Debug|Any CPU
		{9FD09B46-3BB2-4089-A1B4-056A18D54C59}.Debug|Any CPU.Build.0 = Debug|Any CPU
		{9FD09B46-3BB2-4089-A1B4-056A18D54C59}.Release|Any CPU.ActiveCfg = Release|Any CPU
		{9FD09B46-3BB2-4089-A1B4-056A18D54C59}.Release|Any CPU.Build.0 = Release|Any CPU
		{A5531F8A-4461-4DE5-9174-9FD689B774D5}.Debug|Any CPU.ActiveCfg = Debug|Any CPU
		{A5531F8A-4461-4DE5-9174-9FD689B774D5}.Debug|Any CPU.Build.0 = Debug|Any CPU
		{A5531F8A-4461-4DE5-9174-9FD689B774D5}.Release|Any CPU.ActiveCfg = Release|Any CPU
		{A5531F8A-4461-4DE5-9174-9FD689B774D5}.Release|Any CPU.Build.0 = Release|Any CPU
		{CD8F691C-ABF8-4CDA-94ED-37AB4BF3FE34}.Debug|Any CPU.ActiveCfg = Debug|Any CPU
		{CD8F691C-ABF8-4CDA-94ED-37AB4BF3FE34}.Debug|Any CPU.Build.0 = Debug|Any CPU
		{CD8F691C-ABF8-4CDA-94ED-37AB4BF3FE34}.Release|Any CPU.ActiveCfg = Release|Any CPU
		{CD8F691C-ABF8-4CDA-94ED-37AB4BF3FE34}.Release|Any CPU.Build.0 = Release|Any CPU
		{F43E7F56-0523-4D84-B333-3FD82795537F}.Debug|Any CPU.ActiveCfg = Debug|Any CPU
		{F43E7F56-0523-4D84-B333-3FD82795537F}.Debug|Any CPU.Build.0 = Debug|Any CPU
		{F43E7F56-0523-4D84-B333-3FD82795537F}.Release|Any CPU.ActiveCfg = Release|Any CPU
		{F43E7F56-0523-4D84-B333-3FD82795537F}.Release|Any CPU.Build.0 = Release|Any CPU
		{CD440954-F7F3-4AB9-B3D3-0893EF2F9D5E}.Debug|Any CPU.ActiveCfg = Debug|Any CPU
		{CD440954-F7F3-4AB9-B3D3-0893EF2F9D5E}.Debug|Any CPU.Build.0 = Debug|Any CPU
		{CD440954-F7F3-4AB9-B3D3-0893EF2F9D5E}.Release|Any CPU.ActiveCfg = Release|Any CPU
		{CD440954-F7F3-4AB9-B3D3-0893EF2F9D5E}.Release|Any CPU.Build.0 = Release|Any CPU
		{77DE1A7F-F69B-4950-B6E6-8E3ED47D58FB}.Debug|Any CPU.ActiveCfg = Debug|Any CPU
		{77DE1A7F-F69B-4950-B6E6-8E3ED47D58FB}.Debug|Any CPU.Build.0 = Debug|Any CPU
		{77DE1A7F-F69B-4950-B6E6-8E3ED47D58FB}.Release|Any CPU.ActiveCfg = Release|Any CPU
		{77DE1A7F-F69B-4950-B6E6-8E3ED47D58FB}.Release|Any CPU.Build.0 = Release|Any CPU
	EndGlobalSection
	GlobalSection(SolutionProperties) = preSolution
		HideSolutionNode = FALSE
	EndGlobalSection
	GlobalSection(ExtensibilityGlobals) = postSolution
		SolutionGuid = {61703260-D9BC-418F-B986-72DAA7AA59BF}
	EndGlobalSection
EndGlobal
